
Microsoft Visual Studio Solution File, Format Version 12.00
# Visual Studio Version 16
VisualStudioVersion = 16.0.31624.102
MinimumVisualStudioVersion = 10.0.40219.1
Project("{FAE04EC0-301F-11D3-BF4B-00C04F79EFBC}") = "food4", "food4\food4.csproj", "{ADA002AF-70B0-4A07-A5A2-2D141BDFFC6F}"
EndProject
Global
	GlobalSection(SolutionConfigurationPlatforms) = preSolution
		Debug|Any CPU = Debug|Any CPU
		Release|Any CPU = Release|Any CPU
	EndGlobalSection
	GlobalSection(ProjectConfigurationPlatforms) = postSolution
		{ADA002AF-70B0-4A07-A5A2-2D141BDFFC6F}.Debug|Any CPU.ActiveCfg = Debug|Any CPU
		{ADA002AF-70B0-4A07-A5A2-2D141BDFFC6F}.Debug|Any CPU.Build.0 = Debug|Any CPU
		{ADA002AF-70B0-4A07-A5A2-2D141BDFFC6F}.Release|Any CPU.ActiveCfg = Release|Any CPU
		{ADA002AF-70B0-4A07-A5A2-2D141BDFFC6F}.Release|Any CPU.Build.0 = Release|Any CPU
	EndGlobalSection
	GlobalSection(SolutionProperties) = preSolution
		HideSolutionNode = FALSE
	EndGlobalSection
	GlobalSection(ExtensibilityGlobals) = postSolution
		SolutionGuid = {7D92A1C4-D771-4587-BE05-EFF9294ABDB1}
	EndGlobalSection
EndGlobal
